Microsoft Visual Studio Solution File, Format Version 12.00
# Visual Studio Version 17
VisualStudioVersion = 17.5.2.0
MinimumVisualStudioVersion = 10.0.40219.1
Project("{FAE04EC0-301F-11D3-BF4B-00C04F79EFBC}") = "LambdaCleaner", "LambdaCleaner.csproj", "{EF401BBA-8385-DAFD-EF8C-E7A7767AFC1A}"
EndProject
Global
	GlobalSection(SolutionConfigurationPlatforms) = preSolution
		Debug|Any CPU = Debug|Any CPU
		Release|Any CPU = Release|Any CPU
	EndGlobalSection
	GlobalSection(ProjectConfigurationPlatforms) = postSolution
		{EF401BBA-8385-DAFD-EF8C-E7A7767AFC1A}.Debug|Any CPU.ActiveCfg = Debug|Any CPU
		{EF401BBA-8385-DAFD-EF8C-E7A7767AFC1A}.Debug|Any CPU.Build.0 = Debug|Any CPU
		{EF401BBA-8385-DAFD-EF8C-E7A7767AFC1A}.Release|Any CPU.ActiveCfg = Release|Any CPU
		{EF401BBA-8385-DAFD-EF8C-E7A7767AFC1A}.Release|Any CPU.Build.0 = Release|Any CPU
	EndGlobalSection
	GlobalSection(SolutionProperties) = preSolution
		HideSolutionNode = FALSE
	EndGlobalSection
	GlobalSection(ExtensibilityGlobals) = postSolution
		SolutionGuid = {579076B8-A478-4B3E-8671-2F55385BBD63}
	EndGlobalSection
EndGlobal
